
Microsoft Visual Studio Solution File, Format Version 12.00
Project("{FAE04EC0-301F-11D3-BF4B-00C04F79EFBC}") = "TetPee.Api", "TetPee.Api\TetPee.Api.csproj", "{7E30C0D7-831F-49D0-B7B2-628442B318AA}"
EndProject
Project("{FAE04EC0-301F-11D3-BF4B-00C04F79EFBC}") = "TetPee.Services", "TetPee.Services\TetPee.Services.csproj", "{4F301A62-69D2-4003-B307-0261ED9EF3E9}"
EndProject
Project("{FAE04EC0-301F-11D3-BF4B-00C04F79EFBC}") = "TetPee.Repositories", "TetPee.Repositories\TetPee.Repositories.csproj", "{C570DDD1-5725-4C69-8412-0EAD2270855E}"
EndProject
Global
	GlobalSection(SolutionConfigurationPlatforms) = preSolution
		Debug|Any CPU = Debug|Any CPU
		Release|Any CPU = Release|Any CPU
	EndGlobalSection
	GlobalSection(ProjectConfigurationPlatforms) = postSolution
		{7E30C0D7-831F-49D0-B7B2-628442B318AA}.Debug|Any CPU.ActiveCfg = Debug|Any CPU
		{7E30C0D7-831F-49D0-B7B2-628442B318AA}.Debug|Any CPU.Build.0 = Debug|Any CPU
		{7E30C0D7-831F-49D0-B7B2-628442B318AA}.Release|Any CPU.ActiveCfg = Release|Any CPU
		{7E30C0D7-831F-49D0-B7B2-628442B318AA}.Release|Any CPU.Build.0 = Release|Any CPU
		{4F301A62-69D2-4003-B307-0261ED9EF3E9}.Debug|Any CPU.ActiveCfg = Debug|Any CPU
		{4F301A62-69D2-4003-B307-0261ED9EF3E9}.Debug|Any CPU.Build.0 = Debug|Any CPU
		{4F301A62-69D2-4003-B307-0261ED9EF3E9}.Release|Any CPU.ActiveCfg = Release|Any CPU
		{4F301A62-69D2-4003-B307-0261ED9EF3E9}.Release|Any CPU.Build.0 = Release|Any CPU
		{C570DDD1-5725-4C69-8412-0EAD2270855E}.Debug|Any CPU.ActiveCfg = Debug|Any CPU
		{C570DDD1-5725-4C69-8412-0EAD2270855E}.Debug|Any CPU.Build.0 = Debug|Any CPU
		{C570DDD1-5725-4C69-8412-0EAD2270855E}.Release|Any CPU.ActiveCfg = Release|Any CPU
		{C570DDD1-5725-4C69-8412-0EAD2270855E}.Release|Any CPU.Build.0 = Release|Any CPU
	EndGlobalSection
EndGlobal
